
Microsoft Visual Studio Solution File, Format Version 12.00
# Visual Studio Version 17
VisualStudioVersion = 17.13.35931.197 d17.13
MinimumVisualStudioVersion = 10.0.40219.1
Project("{8BC9CEB8-8B4A-11D0-8D11-00A0C91BC942}") = "Alenkin_5_PZ", "Alenkin_5_PZ\Alenkin_5_PZ.vcxproj", "{0941934A-B1C2-4E2C-B547-E91B6BE1DD7F}"
EndProject
Global
	GlobalSection(SolutionConfigurationPlatforms) = preSolution
		Debug|x64 = Debug|x64
		Debug|x86 = Debug|x86
		Release|x64 = Release|x64
		Release|x86 = Release|x86
	EndGlobalSection
	GlobalSection(ProjectConfigurationPlatforms) = postSolution
		{0941934A-B1C2-4E2C-B547-E91B6BE1DD7F}.Debug|x64.ActiveCfg = Debug|x64
		{0941934A-B1C2-4E2C-B547-E91B6BE1DD7F}.Debug|x64.Build.0 = Debug|x64
		{0941934A-B1C2-4E2C-B547-E91B6BE1DD7F}.Debug|x86.ActiveCfg = Debug|Win32
		{0941934A-B1C2-4E2C-B547-E91B6BE1DD7F}.Debug|x86.Build.0 = Debug|Win32
		{0941934A-B1C2-4E2C-B547-E91B6BE1DD7F}.Release|x64.ActiveCfg = Release|x64
		{0941934A-B1C2-4E2C-B547-E91B6BE1DD7F}.Release|x64.Build.0 = Release|x64
		{0941934A-B1C2-4E2C-B547-E91B6BE1DD7F}.Release|x86.ActiveCfg = Release|Win32
		{0941934A-B1C2-4E2C-B547-E91B6BE1DD7F}.Release|x86.Build.0 = Release|Win32
	EndGlobalSection
	GlobalSection(SolutionProperties) = preSolution
		HideSolutionNode = FALSE
	EndGlobalSection
	GlobalSection(ExtensibilityGlobals) = postSolution
		SolutionGuid = {9887B1CE-8763-42B7-9DAD-50C949729F9B}
	EndGlobalSection
EndGlobal
